
Microsoft Visual Studio Solution File, Format Version 12.00
# Visual Studio Version 17
VisualStudioVersion = 17.0.31903.59
MinimumVisualStudioVersion = 10.0.40219.1
Project("{2150E333-8FDC-42A3-9474-1A3956D46DE8}") = "src", "src", "{7B9FF8E8-A110-4280-8180-93E970AB99B0}"
EndProject
Project("{FAE04EC0-301F-11D3-BF4B-00C04F79EFBC}") = "SistemaAranceles.Presentation", "src\Presentation\SistemaAranceles.Presentation.csproj", "{5C058E54-3F2C-4F68-9C55-466434666CEE}"
EndProject
Project("{FAE04EC0-301F-11D3-BF4B-00C04F79EFBC}") = "SistemaAranceles.Domain", "src\Domain\SistemaAranceles.Domain.csproj", "{7FF82B6C-DA02-4284-86C8-CF270A49EB1A}"
EndProject
Project("{FAE04EC0-301F-11D3-BF4B-00C04F79EFBC}") = "SistemaAranceles.Application", "src\Application\SistemaAranceles.Application.csproj", "{EB10F823-5939-46EE-B93F-A98885EC41C1}"
EndProject
Project("{FAE04EC0-301F-11D3-BF4B-00C04F79EFBC}") = "SistemaAranceles.Infrastructure", "src\Infrastructure\SistemaAranceles.Infrastructure.csproj", "{1F624950-D004-41A8-9B12-D21D3C61920C}"
EndProject
Project("{2150E333-8FDC-42A3-9474-1A3956D46DE8}") = "tests", "tests", "{C7BC0086-DD80-4707-9EA8-A2D2DCDE2EB7}"
EndProject
Project("{FAE04EC0-301F-11D3-BF4B-00C04F79EFBC}") = "SistemaAranceles.Application.Tests", "tests\Application.Tests\SistemaAranceles.Application.Tests.csproj", "{B4419AC6-40B9-4678-93BC-3555656404C5}"
EndProject
Global
	GlobalSection(SolutionConfigurationPlatforms) = preSolution
		Debug|Any CPU = Debug|Any CPU
		Release|Any CPU = Release|Any CPU
	EndGlobalSection
	GlobalSection(SolutionProperties) = preSolution
		HideSolutionNode = FALSE
	EndGlobalSection
	GlobalSection(ProjectConfigurationPlatforms) = postSolution
		{5C058E54-3F2C-4F68-9C55-466434666CEE}.Debug|Any CPU.ActiveCfg = Debug|Any CPU
		{5C058E54-3F2C-4F68-9C55-466434666CEE}.Debug|Any CPU.Build.0 = Debug|Any CPU
		{5C058E54-3F2C-4F68-9C55-466434666CEE}.Release|Any CPU.ActiveCfg = Release|Any CPU
		{5C058E54-3F2C-4F68-9C55-466434666CEE}.Release|Any CPU.Build.0 = Release|Any CPU
		{7FF82B6C-DA02-4284-86C8-CF270A49EB1A}.Debug|Any CPU.ActiveCfg = Debug|Any CPU
		{7FF82B6C-DA02-4284-86C8-CF270A49EB1A}.Debug|Any CPU.Build.0 = Debug|Any CPU
		{7FF82B6C-DA02-4284-86C8-CF270A49EB1A}.Release|Any CPU.ActiveCfg = Release|Any CPU
		{7FF82B6C-DA02-4284-86C8-CF270A49EB1A}.Release|Any CPU.Build.0 = Release|Any CPU
		{EB10F823-5939-46EE-B93F-A98885EC41C1}.Debug|Any CPU.ActiveCfg = Debug|Any CPU
		{EB10F823-5939-46EE-B93F-A98885EC41C1}.Debug|Any CPU.Build.0 = Debug|Any CPU
		{EB10F823-5939-46EE-B93F-A98885EC41C1}.Release|Any CPU.ActiveCfg = Release|Any CPU
		{EB10F823-5939-46EE-B93F-A98885EC41C1}.Release|Any CPU.Build.0 = Release|Any CPU
		{1F624950-D004-41A8-9B12-D21D3C61920C}.Debug|Any CPU.ActiveCfg = Debug|Any CPU
		{1F624950-D004-41A8-9B12-D21D3C61920C}.Debug|Any CPU.Build.0 = Debug|Any CPU
		{1F624950-D004-41A8-9B12-D21D3C61920C}.Release|Any CPU.ActiveCfg = Release|Any CPU
		{1F624950-D004-41A8-9B12-D21D3C61920C}.Release|Any CPU.Build.0 = Release|Any CPU
		{B4419AC6-40B9-4678-93BC-3555656404C5}.Debug|Any CPU.ActiveCfg = Debug|Any CPU
		{B4419AC6-40B9-4678-93BC-3555656404C5}.Debug|Any CPU.Build.0 = Debug|Any CPU
		{B4419AC6-40B9-4678-93BC-3555656404C5}.Release|Any CPU.ActiveCfg = Release|Any CPU
		{B4419AC6-40B9-4678-93BC-3555656404C5}.Release|Any CPU.Build.0 = Release|Any CPU
	EndGlobalSection
	GlobalSection(NestedProjects) = preSolution
		{5C058E54-3F2C-4F68-9C55-466434666CEE} = {7B9FF8E8-A110-4280-8180-93E970AB99B0}
		{7FF82B6C-DA02-4284-86C8-CF270A49EB1A} = {7B9FF8E8-A110-4280-8180-93E970AB99B0}
		{EB10F823-5939-46EE-B93F-A98885EC41C1} = {7B9FF8E8-A110-4280-8180-93E970AB99B0}
		{1F624950-D004-41A8-9B12-D21D3C61920C} = {7B9FF8E8-A110-4280-8180-93E970AB99B0}
		{B4419AC6-40B9-4678-93BC-3555656404C5} = {C7BC0086-DD80-4707-9EA8-A2D2DCDE2EB7}
	EndGlobalSection
EndGlobal
